// !$*UTF8*$!
{
	archiveVersion = 1;
	classes = {
	};
	objectVersion = 50;
	objects = {

/* Begin PBXBuildFile section */
		B1C8CC8426C74A4C00346355 /* AppDelegate.swift in Sources */ = {isa = PBXBuildFile; fileRef = B1C8CC8326C74A4C00346355 /* AppDelegate.swift */; };
		B1C8CC8626C74A4C00346355 /* SceneDelegate.swift in Sources */ = {isa = PBXBuildFile; fileRef = B1C8CC8526C74A4C00346355 /* SceneDelegate.swift */; };
		B1C8CC8826C74A4C00346355 /* ViewController.swift in Sources */ = {isa = PBXBuildFile; fileRef = B1C8CC8726C74A4C00346355 /* ViewController.swift */; };
		B1C8CC8B26C74A4C00346355 /* Main.storyboard in Resources */ = {isa = PBXBuildFile; fileRef = B1C8CC8926C74A4C00346355 /* Main.storyboard */; };
		B1C8CC8D26C74A4D00346355 /* Assets.xcassets in Resources */ = {isa = PBXBuildFile; fileRef = B1C8CC8C26C74A4D00346355 /* Assets.xcassets */; };
		B1C8CC9026C74A4D00346355 /* LaunchScreen.storyboard in Resources */ = {isa = PBXBuildFile; fileRef = B1C8CC8E26C74A4D00346355 /* LaunchScreen.storyboard */; };
		B1C8CC9B26C74A4D00346355 /* HappyHouseTests.swift in Sources */ = {isa = PBXBuildFile; fileRef = B1C8CC9A26C74A4D00346355 /* HappyHouseTests.swift */; };
		B1C8CCA626C74A4D00346355 /* HappyHouseUITests.swift in Sources */ = {isa = PBXBuildFile; fileRef = B1C8CCA526C74A4D00346355 /* HappyHouseUITests.swift */; };
/* End PBXBuildFile section */

/* Begin PBXContainerItemProxy section */
		B1C8CC9726C74A4D00346355 /* PBXContainerItemProxy */ = {
			isa = PBXContainerItemProxy;
			containerPortal = B1C8CC7826C74A4C00346355 /* Project object */;
			proxyType = 1;
			remoteGlobalIDString = B1C8CC7F26C74A4C00346355;
			remoteInfo = HappyHouse;
		};
		B1C8CCA226C74A4D00346355 /* PBXContainerItemProxy */ = {
			isa = PBXContainerItemProxy;
			containerPortal = B1C8CC7826C74A4C00346355 /* Project object */;
			proxyType = 1;
			remoteGlobalIDString = B1C8CC7F26C74A4C00346355;
			remoteInfo = HappyHouse;
		};
/* End PBXContainerItemProxy section */

/* Begin PBXFileReference section */
		B1C8CC8026C74A4C00346355 /* HappyHouse.app */ = {isa = PBXFileReference; explicitFileType = wrapper.application; includeInIndex = 0; path = HappyHouse.app; sourceTree = BUILT_PRODUCTS_DIR; };
		B1C8CC8326C74A4C00346355 /* AppDelegate.swift */ = {isa = PBXFileReference; lastKnownFileType = sourcecode.swift; path = AppDelegate.swift; sourceTree = "<group>"; };
		B1C8CC8526C74A4C00346355 /* SceneDelegate.swift */ = {isa = PBXFileReference; lastKnownFileType = sourcecode.swift; path = SceneDelegate.swift; sourceTree = "<group>"; };
		B1C8CC8726C74A4C00346355 /* ViewController.swift */ = {isa = PBXFileReference; lastKnownFileType = sourcecode.swift; path = ViewController.swift; sourceTree = "<group>"; };
		B1C8CC8A26C74A4C00346355 /* Base */ = {isa = PBXFileReference; lastKnownFileType = file.storyboard; name = Base; path = Base.lproj/Main.storyboard; sourceTree = "<group>"; };
		B1C8CC8C26C74A4D00346355 /* Assets.xcassets */ = {isa = PBXFileReference; lastKnownFileType = folder.assetcatalog; path = Assets.xcassets; sourceTree = "<group>"; };
		B1C8CC8F26C74A4D00346355 /* Base */ = {isa = PBXFileReference; lastKnownFileType = file.storyboard; name = Base; path = Base.lproj/LaunchScreen.storyboard; sourceTree = "<group>"; };
		B1C8CC9126C74A4D00346355 /* Info.plist */ = {isa = PBXFileReference; lastKnownFileType = text.plist.xml; path = Info.plist; sourceTree = "<group>"; };
		B1C8CC9626C74A4D00346355 /* HappyHouseTests.xctest */ = {isa = PBXFileReference; explicitFileType = wrapper.cfbundle; includeInIndex = 0; path = HappyHouseTests.xctest; sourceTree = BUILT_PRODUCTS_DIR; };
		B1C8CC9A26C74A4D00346355 /* HappyHouseTests.swift */ = {isa = PBXFileReference; lastKnownFileType = sourcecode.swift; path = HappyHouseTests.swift; sourceTree = "<group>"; };
		B1C8CC9C26C74A4D00346355 /* Info.plist */ = {isa = PBXFileReference; lastKnownFileType = text.plist.xml; path = Info.plist; sourceTree = "<group>"; };
		B1C8CCA126C74A4D00346355 /* HappyHouseUITests.xctest */ = {isa = PBXFileReference; explicitFileType = wrapper.cfbundle; includeInIndex = 0; path = HappyHouseUITests.xctest; sourceTree = BUILT_PRODUCTS_DIR; };
		B1C8CCA526C74A4D00346355 /* HappyHouseUITests.swift */ = {isa = PBXFileReference; lastKnownFileType = sourcecode.swift; path = HappyHouseUITests.swift; sourceTree = "<group>"; };
		B1C8CCA726C74A4D00346355 /* Info.plist */ = {isa = PBXFileReference; lastKnownFileType = text.plist.xml; path = Info.plist; sourceTree = "<group>"; };
/* End PBXFileReference section */

/* Begin PBXFrameworksBuildPhase section */
		B1C8CC7D26C74A4C00346355 /* Frameworks */ = {
			isa = PBXFrameworksBuildPhase;
			buildActionMask = 2147483647;
			files = (
			);
			runOnlyForDeploymentPostprocessing = 0;
		};
		B1C8CC9326C74A4D00346355 /* Frameworks */ = {
			isa = PBXFrameworksBuildPhase;
			buildActionMask = 2147483647;
			files = (
			);
			runOnlyForDeploymentPostprocessing = 0;
		};
		B1C8CC9E26C74A4D00346355 /* Frameworks */ = {
			isa = PBXFrameworksBuildPhase;
			buildActionMask = 2147483647;
			files = (
			);
			runOnlyForDeploymentPostprocessing = 0;
		};
/* End PBXFrameworksBuildPhase section */

/* Begin PBXGroup section */
		B1C8CC7726C74A4C00346355 = {
			isa = PBXGroup;
			children = (
				B1C8CC8226C74A4C00346355 /* HappyHouse */,
				B1C8CC9926C74A4D00346355 /* HappyHouseTests */,
				B1C8CCA426C74A4D00346355 /* HappyHouseUITests */,
				B1C8CC8126C74A4C00346355 /* Products */,
			);
			sourceTree = "<group>";
		};
		B1C8CC8126C74A4C00346355 /* Products */ = {
			isa = PBXGroup;
			children = (
				B1C8CC8026C74A4C00346355 /* HappyHouse.app */,
				B1C8CC9626C74A4D00346355 /* HappyHouseTests.xctest */,
				B1C8CCA126C74A4D00346355 /* HappyHouseUITests.xctest */,
			);
			name = Products;
			sourceTree = "<group>";
		};
		B1C8CC8226C74A4C00346355 /* HappyHouse */ = {
			isa = PBXGroup;
			children = (
				B1C8CC8326C74A4C00346355 /* AppDelegate.swift */,
				B1C8CC8526C74A4C00346355 /* SceneDelegate.swift */,
				B1C8CC8726C74A4C00346355 /* ViewController.swift */,
				B1C8CC8926C74A4C00346355 /* Main.storyboard */,
				B1C8CC8C26C74A4D00346355 /* Assets.xcassets */,
				B1C8CC8E26C74A4D00346355 /* LaunchScreen.storyboard */,
				B1C8CC9126C74A4D00346355 /* Info.plist */,
			);
			path = HappyHouse;
			sourceTree = "<group>";
		};
		B1C8CC9926C74A4D00346355 /* HappyHouseTests */ = {
			isa = PBXGroup;
			children = (
				B1C8CC9A26C74A4D00346355 /* HappyHouseTests.swift */,
				B1C8CC9C26C74A4D00346355 /* Info.plist */,
			);
			path = HappyHouseTests;
			sourceTree = "<group>";
		};
		B1C8CCA426C74A4D00346355 /* HappyHouseUITests */ = {
			isa = PBXGroup;
			children = (
				B1C8CCA526C74A4D00346355 /* HappyHouseUITests.swift */,
				B1C8CCA726C74A4D00346355 /* Info.plist */,
			);
			path = HappyHouseUITests;
			sourceTree = "<group>";
		};
/* End PBXGroup section */

/* Begin PBXNativeTarget section */
		B1C8CC7F26C74A4C00346355 /* HappyHouse */ = {
			isa = PBXNativeTarget;
			buildConfigurationList = B1C8CCAA26C74A4D00346355 /* Build configuration list for PBXNativeTarget "HappyHouse" */;
			buildPhases = (
				B1C8CC7C26C74A4C00346355 /* Sources */,
				B1C8CC7D26C74A4C00346355 /* Frameworks */,
				B1C8CC7E26C74A4C00346355 /* Resources */,
			);
			buildRules = (
			);
			dependencies = (
			);
			name = HappyHouse;
			productName = HappyHouse;
			productReference = B1C8CC8026C74A4C00346355 /* HappyHouse.app */;
			productType = "com.apple.product-type.application";
		};
		B1C8CC9526C74A4D00346355 /* HappyHouseTests */ = {
			isa = PBXNativeTarget;
			buildConfigurationList = B1C8CCAD26C74A4D00346355 /* Build configuration list for PBXNativeTarget "HappyHouseTests" */;
			buildPhases = (
				B1C8CC9226C74A4D00346355 /* Sources */,
				B1C8CC9326C74A4D00346355 /* Frameworks */,
				B1C8CC9426C74A4D00346355 /* Resources */,
			);
			buildRules = (
			);
			dependencies = (
				B1C8CC9826C74A4D00346355 /* PBXTargetDependency */,
			);
			name = HappyHouseTests;
			productName = HappyHouseTests;
			productReference = B1C8CC9626C74A4D00346355 /* HappyHouseTests.xctest */;
			productType = "com.apple.product-type.bundle.unit-test";
		};
		B1C8CCA026C74A4D00346355 /* HappyHouseUITests */ = {
			isa = PBXNativeTarget;
			buildConfigurationList = B1C8CCB026C74A4D00346355 /* Build configuration list for PBXNativeTarget "HappyHouseUITests" */;
			buildPhases = (
				B1C8CC9D26C74A4D00346355 /* Sources */,
				B1C8CC9E26C74A4D00346355 /* Frameworks */,
				B1C8CC9F26C74A4D00346355 /* Resources */,
			);
			buildRules = (
			);
			dependencies = (
				B1C8CCA326C74A4D00346355 /* PBXTargetDependency */,
			);
			name = HappyHouseUITests;
			productName = HappyHouseUITests;
			productReference = B1C8CCA126C74A4D00346355 /* HappyHouseUITests.xctest */;
			productType = "com.apple.product-type.bundle.ui-testing";
		};
/* End PBXNativeTarget section */

/* Begin PBXProject section */
		B1C8CC7826C74A4C00346355 /* Project object */ = {
			isa = PBXProject;
			attributes = {
				LastSwiftUpdateCheck = 1250;
				LastUpgradeCheck = 1250;
				TargetAttributes = {
					B1C8CC7F26C74A4C00346355 = {
						CreatedOnToolsVersion = 12.5.1;
					};
					B1C8CC9526C74A4D00346355 = {
						CreatedOnToolsVersion = 12.5.1;
						TestTargetID = B1C8CC7F26C74A4C00346355;
					};
					B1C8CCA026C74A4D00346355 = {
						CreatedOnToolsVersion = 12.5.1;
						TestTargetID = B1C8CC7F26C74A4C00346355;
					};
				};
			};
			buildConfigurationList = B1C8CC7B26C74A4C00346355 /* Build configuration list for PBXProject "HappyHouse" */;
			compatibilityVersion = "Xcode 9.3";
			developmentRegion = en;
			hasScannedForEncodings = 0;
			knownRegions = (
				en,
				Base,
			);
			mainGroup = B1C8CC7726C74A4C00346355;
			productRefGroup = B1C8CC8126C74A4C00346355 /* Products */;
			projectDirPath = "";
			projectRoot = "";
			targets = (
				B1C8CC7F26C74A4C00346355 /* HappyHouse */,
				B1C8CC9526C74A4D00346355 /* HappyHouseTests */,
				B1C8CCA026C74A4D00346355 /* HappyHouseUITests */,
			);
		};
/* End PBXProject section */

/* Begin PBXResourcesBuildPhase section */
		B1C8CC7E26C74A4C00346355 /* Resources */ = {
			isa = PBXResourcesBuildPhase;
			buildActionMask = 2147483647;
			files = (
				B1C8CC9026C74A4D00346355 /* LaunchScreen.storyboard in Resources */,
				B1C8CC8D26C74A4D00346355 /* Assets.xcassets in Resources */,
				B1C8CC8B26C74A4C00346355 /* Main.storyboard in Resources */,
			);
			runOnlyForDeploymentPostprocessing = 0;
		};
		B1C8CC9426C74A4D00346355 /* Resources */ = {
			isa = PBXResourcesBuildPhase;
			buildActionMask = 2147483647;
			files = (
			);
			runOnlyForDeploymentPostprocessing = 0;
		};
		B1C8CC9F26C74A4D00346355 /* Resources */ = {
			isa = PBXResourcesBuildPhase;
			buildActionMask = 2147483647;
			files = (
			);
			runOnlyForDeploymentPostprocessing = 0;
		};
/* End PBXResourcesBuildPhase section */

/* Begin PBXSourcesBuildPhase section */
		B1C8CC7C26C74A4C00346355 /* Sources */ = {
			isa = PBXSourcesBuildPhase;
			buildActionMask = 2147483647;
			files = (
				B1C8CC8826C74A4C00346355 /* ViewController.swift in Sources */,
				B1C8CC8426C74A4C00346355 /* AppDelegate.swift in Sources */,
				B1C8CC8626C74A4C00346355 /* SceneDelegate.swift in Sources */,
			);
			runOnlyForDeploymentPostprocessing = 0;
		};
		B1C8CC9226C74A4D00346355 /* Sources */ = {
			isa = PBXSourcesBuildPhase;
			buildActionMask = 2147483647;
			files = (
				B1C8CC9B26C74A4D00346355 /* HappyHouseTests.swift in Sources */,
			);
			runOnlyForDeploymentPostprocessing = 0;
		};
		B1C8CC9D26C74A4D00346355 /* Sources */ = {
			isa = PBXSourcesBuildPhase;
			buildActionMask = 2147483647;
			files = (
				B1C8CCA626C74A4D00346355 /* HappyHouseUITests.swift in Sources */,
			);
			runOnlyForDeploymentPostprocessing = 0;
		};
/* End PBXSourcesBuildPhase section */

/* Begin PBXTargetDependency section */
		B1C8CC9826C74A4D00346355 /* PBXTargetDependency */ = {
			isa = PBXTargetDependency;
			target = B1C8CC7F26C74A4C00346355 /* HappyHouse */;
			targetProxy = B1C8CC9726C74A4D00346355 /* PBXContainerItemProxy */;
		};
		B1C8CCA326C74A4D00346355 /* PBXTargetDependency */ = {
			isa = PBXTargetDependency;
			target = B1C8CC7F26C74A4C00346355 /* HappyHouse */;
			targetProxy = B1C8CCA226C74A4D00346355 /* PBXContainerItemProxy */;
		};
/* End PBXTargetDependency section */

/* Begin PBXVariantGroup section */
		B1C8CC8926C74A4C00346355 /* Main.storyboard */ = {
			isa = PBXVariantGroup;
			children = (
				B1C8CC8A26C74A4C00346355 /* Base */,
			);
			name = Main.storyboard;
			sourceTree = "<group>";
		};
		B1C8CC8E26C74A4D00346355 /* LaunchScreen.storyboard */ = {
			isa = PBXVariantGroup;
			children = (
				B1C8CC8F26C74A4D00346355 /* Base */,
			);
			name = LaunchScreen.storyboard;
			sourceTree = "<group>";
		};
/* End PBXVariantGroup section */

/* Begin XCBuildConfiguration section */
		B1C8CCA826C74A4D00346355 /* Debug */ = {
			isa = XCBuildConfiguration;
			buildSettings = {
				ALWAYS_SEARCH_USER_PATHS = NO;
				CLANG_ANALYZER_NONNULL = YES;
				CLANG_ANALYZER_NUMBER_OBJECT_CONVERSION = YES_AGGRESSIVE;
				CLANG_CXX_LANGUAGE_STANDARD = "gnu++14";
				CLANG_CXX_LIBRARY = "libc++";
				CLANG_ENABLE_MODULES = YES;
				CLANG_ENABLE_OBJC_ARC = YES;
				CLANG_ENABLE_OBJC_WEAK = YES;
				CLANG_WARN_BLOCK_CAPTURE_AUTORELEASING = YES;
				CLANG_WARN_BOOL_CONVERSION = YES;
				CLANG_WARN_COMMA = YES;
				CLANG_WARN_CONSTANT_CONVERSION = YES;
				CLANG_WARN_DEPRECATED_OBJC_IMPLEMENTATIONS = YES;
				CLANG_WARN_DIRECT_OBJC_ISA_USAGE = YES_ERROR;
				CLANG_WARN_DOCUMENTATION_COMMENTS = YES;
				CLANG_WARN_EMPTY_BODY = YES;
				CLANG_WARN_ENUM_CONVERSION = YES;
				CLANG_WARN_INFINITE_RECURSION = YES;
				CLANG_WARN_INT_CONVERSION = YES;
				CLANG_WARN_NON_LITERAL_NULL_CONVERSION = YES;
				CLANG_WARN_OBJC_IMPLICIT_RETAIN_SELF = YES;
				CLANG_WARN_OBJC_LITERAL_CONVERSION = YES;
				CLANG_WARN_OBJC_ROOT_CLASS = YES_ERROR;
				CLANG_WARN_QUOTED_INCLUDE_IN_FRAMEWORK_HEADER = YES;
				CLANG_WARN_RANGE_LOOP_ANALYSIS = YES;
				CLANG_WARN_STRICT_PROTOTYPES = YES;
				CLANG_WARN_SUSPICIOUS_MOVE = YES;
				CLANG_WARN_UNGUARDED_AVAILABILITY = YES_AGGRESSIVE;
				CLANG_WARN_UNREACHABLE_CODE = YES;
				CLANG_WARN__DUPLICATE_METHOD_MATCH = YES;
				COPY_PHASE_STRIP = NO;
				DEBUG_INFORMATION_FORMAT = dwarf;
				ENABLE_STRICT_OBJC_MSGSEND = YES;
				ENABLE_TESTABILITY = YES;
				GCC_C_LANGUAGE_STANDARD = gnu11;
				GCC_DYNAMIC_NO_PIC = NO;
				GCC_NO_COMMON_BLOCKS = YES;
				GCC_OPTIMIZATION_LEVEL = 0;
				GCC_PREPROCESSOR_DEFINITIONS = (
					"DEBUG=1",
					"$(inherited)",
				);
				GCC_WARN_64_TO_32_BIT_CONVERSION = YES;
				GCC_WARN_ABOUT_RETURN_TYPE = YES_ERROR;
				GCC_WARN_UNDECLARED_SELECTOR = YES;
				GCC_WARN_UNINITIALIZED_AUTOS = YES_AGGRESSIVE;
				GCC_WARN_UNUSED_FUNCTION = YES;
				GCC_WARN_UNUSED_VARIABLE = YES;
				IPHONEOS_DEPLOYMENT_TARGET = 14.5;
				MTL_ENABLE_DEBUG_INFO = INCLUDE_SOURCE;
				MTL_FAST_MATH = YES;
				ONLY_ACTIVE_ARCH = YES;
				SDKROOT = iphoneos;
				SWIFT_ACTIVE_COMPILATION_CONDITIONS = DEBUG;
				SWIFT_OPTIMIZATION_LEVEL = "-Onone";
			};
			name = Debug;
		};
		B1C8CCA926C74A4D00346355 /* Release */ = {
			isa = XCBuildConfiguration;
			buildSettings = {
				ALWAYS_SEARCH_USER_PATHS = NO;
				CLANG_ANALYZER_NONNULL = YES;
				CLANG_ANALYZER_NUMBER_OBJECT_CONVERSION = YES_AGGRESSIVE;
				CLANG_CXX_LANGUAGE_STANDARD = "gnu++14";
				CLANG_CXX_LIBRARY = "libc++";
				CLANG_ENABLE_MODULES = YES;
				CLANG_ENABLE_OBJC_ARC = YES;
				CLANG_ENABLE_OBJC_WEAK = YES;
				CLANG_WARN_BLOCK_CAPTURE_AUTORELEASING = YES;
				CLANG_WARN_BOOL_CONVERSION = YES;
				CLANG_WARN_COMMA = YES;
				CLANG_WARN_CONSTANT_CONVERSION = YES;
				CLANG_WARN_DEPRECATED_OBJC_IMPLEMENTATIONS = YES;
				CLANG_WARN_DIRECT_OBJC_ISA_USAGE = YES_ERROR;
				CLANG_WARN_DOCUMENTATION_COMMENTS = YES;
				CLANG_WARN_EMPTY_BODY = YES;
				CLANG_WARN_ENUM_CONVERSION = YES;
				CLANG_WARN_INFINITE_RECURSION = YES;
				CLANG_WARN_INT_CONVERSION = YES;
				CLANG_WARN_NON_LITERAL_NULL_CONVERSION = YES;
				CLANG_WARN_OBJC_IMPLICIT_RETAIN_SELF = YES;
				CLANG_WARN_OBJC_LITERAL_CONVERSION = YES;
				CLANG_WARN_OBJC_ROOT_CLASS = YES_ERROR;
				CLANG_WARN_QUOTED_INCLUDE_IN_FRAMEWORK_HEADER = YES;
				CLANG_WARN_RANGE_LOOP_ANALYSIS = YES;
				CLANG_WARN_STRICT_PROTOTYPES = YES;
				CLANG_WARN_SUSPICIOUS_MOVE = YES;
				CLANG_WARN_UNGUARDED_AVAILABILITY = YES_AGGRESSIVE;
				CLANG_WARN_UNREACHABLE_CODE = YES;
				CLANG_WARN__DUPLICATE_METHOD_MATCH = YES;
				COPY_PHASE_STRIP = NO;
				DEBUG_INFORMATION_FORMAT = "dwarf-with-dsym";
				ENABLE_NS_ASSERTIONS = NO;
				ENABLE_STRICT_OBJC_MSGSEND = YES;
				GCC_C_LANGUAGE_STANDARD = gnu11;
				GCC_NO_COMMON_BLOCKS = YES;
				GCC_WARN_64_TO_32_BIT_CONVERSION = YES;
				GCC_WARN_ABOUT_RETURN_TYPE = YES_ERROR;
				GCC_WARN_UNDECLARED_SELECTOR = YES;
				GCC_WARN_UNINITIALIZED_AUTOS = YES_AGGRESSIVE;
				GCC_WARN_UNUSED_FUNCTION = YES;
				GCC_WARN_UNUSED_VARIABLE = YES;
				IPHONEOS_DEPLOYMENT_TARGET = 14.5;
				MTL_ENABLE_DEBUG_INFO = NO;
				MTL_FAST_MATH = YES;
				SDKROOT = iphoneos;
				SWIFT_COMPILATION_MODE = wholemodule;
				SWIFT_OPTIMIZATION_LEVEL = "-O";
				VALIDATE_PRODUCT = YES;
			};
			name = Release;
		};
		B1C8CCAB26C74A4D00346355 /* Debug */ = {
			isa = XCBuildConfiguration;
			buildSettings = {
				ASSETCATALOG_COMPILER_APPICON_NAME = AppIcon;
				ASSETCATALOG_COMPILER_GLOBAL_ACCENT_COLOR_NAME = AccentColor;
				CODE_SIGN_STYLE = Automatic;
				DEVELOPMENT_TEAM = CS3BNMZA76;
				INFOPLIST_FILE = HappyHouse/Info.plist;
				LD_RUNPATH_SEARCH_PATHS = (
					"$(inherited)",
					"@executable_path/Frameworks",
				);
				PRODUCT_BUNDLE_IDENTIFIER = com.jellysong2.tistory.HappyHouse;
				PRODUCT_NAME = "$(TARGET_NAME)";
				SWIFT_VERSION = 5.0;
				TARGETED_DEVICE_FAMILY = "1,2";
			};
			name = Debug;
		};
		B1C8CCAC26C74A4D00346355 /* Release */ = {
			isa = XCBuildConfiguration;
			buildSettings = {
				ASSETCATALOG_COMPILER_APPICON_NAME = AppIcon;
				ASSETCATALOG_COMPILER_GLOBAL_ACCENT_COLOR_NAME = AccentColor;
				CODE_SIGN_STYLE = Automatic;
				DEVELOPMENT_TEAM = CS3BNMZA76;
				INFOPLIST_FILE = HappyHouse/Info.plist;
				LD_RUNPATH_SEARCH_PATHS = (
					"$(inherited)",
					"@executable_path/Frameworks",
				);
				PRODUCT_BUNDLE_IDENTIFIER = com.jellysong2.tistory.HappyHouse;
				PRODUCT_NAME = "$(TARGET_NAME)";
				SWIFT_VERSION = 5.0;
				TARGETED_DEVICE_FAMILY = "1,2";
			};
			name = Release;
		};
		B1C8CCAE26C74A4D00346355 /* Debug */ = {
			isa = XCBuildConfiguration;
			buildSettings = {
				ALWAYS_EMBED_SWIFT_STANDARD_LIBRARIES = YES;
				BUNDLE_LOADER = "$(TEST_HOST)";
				CODE_SIGN_STYLE = Automatic;
				DEVELOPMENT_TEAM = CS3BNMZA76;
				INFOPLIST_FILE = HappyHouseTests/Info.plist;
				IPHONEOS_DEPLOYMENT_TARGET = 14.5;
				LD_RUNPATH_SEARCH_PATHS = (
					"$(inherited)",
					"@executable_path/Frameworks",
					"@loader_path/Frameworks",
				);
				PRODUCT_BUNDLE_IDENTIFIER = com.jellysong2.tistory.HappyHouseTests;
				PRODUCT_NAME = "$(TARGET_NAME)";
				SWIFT_VERSION = 5.0;
				TARGETED_DEVICE_FAMILY = "1,2";
				TEST_HOST = "$(BUILT_PRODUCTS_DIR)/HappyHouse.app/HappyHouse";
			};
			name = Debug;
		};
		B1C8CCAF26C74A4D00346355 /* Release */ = {
			isa = XCBuildConfiguration;
			buildSettings = {
				ALWAYS_EMBED_SWIFT_STANDARD_LIBRARIES = YES;
				BUNDLE_LOADER = "$(TEST_HOST)";
				CODE_SIGN_STYLE = Automatic;
				DEVELOPMENT_TEAM = CS3BNMZA76;
				INFOPLIST_FILE = HappyHouseTests/Info.plist;
				IPHONEOS_DEPLOYMENT_TARGET = 14.5;
				LD_RUNPATH_SEARCH_PATHS = (
					"$(inherited)",
					"@executable_path/Frameworks",
					"@loader_path/Frameworks",
				);
				PRODUCT_BUNDLE_IDENTIFIER = com.jellysong2.tistory.HappyHouseTests;
				PRODUCT_NAME = "$(TARGET_NAME)";
				SWIFT_VERSION = 5.0;
				TARGETED_DEVICE_FAMILY = "1,2";
				TEST_HOST = "$(BUILT_PRODUCTS_DIR)/HappyHouse.app/HappyHouse";
			};
			name = Release;
		};
		B1C8CCB126C74A4D00346355 /* Debug */ = {
			isa = XCBuildConfiguration;
			buildSettings = {
				ALWAYS_EMBED_SWIFT_STANDARD_LIBRARIES = YES;
				CODE_SIGN_STYLE = Automatic;
				DEVELOPMENT_TEAM = CS3BNMZA76;
				INFOPLIST_FILE = HappyHouseUITests/Info.plist;
				LD_RUNPATH_SEARCH_PATHS = (
					"$(inherited)",
					"@executable_path/Frameworks",
					"@loader_path/Frameworks",
				);
				PRODUCT_BUNDLE_IDENTIFIER = com.jellysong2.tistory.HappyHouseUITests;
				PRODUCT_NAME = "$(TARGET_NAME)";
				SWIFT_VERSION = 5.0;
				TARGETED_DEVICE_FAMILY = "1,2";
				TEST_TARGET_NAME = HappyHouse;
			};
			name = Debug;
		};
		B1C8CCB226C74A4D00346355 /* Release */ = {
			isa = XCBuildConfiguration;
			buildSettings = {
				ALWAYS_EMBED_SWIFT_STANDARD_LIBRARIES = YES;
				CODE_SIGN_STYLE = Automatic;
				DEVELOPMENT_TEAM = CS3BNMZA76;
				INFOPLIST_FILE = HappyHouseUITests/Info.plist;
				LD_RUNPATH_SEARCH_PATHS = (
					"$(inherited)",
					"@executable_path/Frameworks",
					"@loader_path/Frameworks",
				);
				PRODUCT_BUNDLE_IDENTIFIER = com.jellysong2.tistory.HappyHouseUITests;
				PRODUCT_NAME = "$(TARGET_NAME)";
				SWIFT_VERSION = 5.0;
				TARGETED_DEVICE_FAMILY = "1,2";
				TEST_TARGET_NAME = HappyHouse;
			};
			name = Release;
		};
/* End XCBuildConfiguration section */

/* Begin XCConfigurationList section */
		B1C8CC7B26C74A4C00346355 /* Build configuration list for PBXProject "HappyHouse" */ = {
			isa = XCConfigurationList;
			buildConfigurations = (
				B1C8CCA826C74A4D00346355 /* Debug */,
				B1C8CCA926C74A4D00346355 /* Release */,
			);
			defaultConfigurationIsVisible = 0;
			defaultConfigurationName = Release;
		};
		B1C8CCAA26C74A4D00346355 /* Build configuration list for PBXNativeTarget "HappyHouse" */ = {
			isa = XCConfigurationList;
			buildConfigurations = (
				B1C8CCAB26C74A4D00346355 /* Debug */,
				B1C8CCAC26C74A4D00346355 /* Release */,
			);
			defaultConfigurationIsVisible = 0;
			defaultConfigurationName = Release;
		};
		B1C8CCAD26C74A4D00346355 /* Build configuration list for PBXNativeTarget "HappyHouseTests" */ = {
			isa = XCConfigurationList;
			buildConfigurations = (
				B1C8CCAE26C74A4D00346355 /* Debug */,
				B1C8CCAF26C74A4D00346355 /* Release */,
			);
			defaultConfigurationIsVisible = 0;
			defaultConfigurationName = Release;
		};
		B1C8CCB026C74A4D00346355 /* Build configuration list for PBXNativeTarget "HappyHouseUITests" */ = {
			isa = XCConfigurationList;
			buildConfigurations = (
				B1C8CCB126C74A4D00346355 /* Debug */,
				B1C8CCB226C74A4D00346355 /* Release */,
			);
			defaultConfigurationIsVisible = 0;
			defaultConfigurationName = Release;
		};
/* End XCConfigurationList section */
	};
	rootObject = B1C8CC7826C74A4C00346355 /* Project object */;
}
