// !$*UTF8*$!
{
	archiveVersion = 1;
	classes = {
	};
	objectVersion = 51;
	objects = {

/* Begin PBXBuildFile section */
		B15C824B505E3C2D99B241E8 /* Pods_HappyHouseTests.framework in Frameworks */ = {isa = PBXBuildFile; fileRef = ECF4D2E8D7A48EDCECDBDD7D /* Pods_HappyHouseTests.framework */; };
		B1625B1F26C7E3BC000BD74D /* loginViewController.swift in Sources */ = {isa = PBXBuildFile; fileRef = B1625B1D26C7E3BC000BD74D /* loginViewController.swift */; };
		B1625B2026C7E3BC000BD74D /* inviteViewController.swift in Sources */ = {isa = PBXBuildFile; fileRef = B1625B1E26C7E3BC000BD74D /* inviteViewController.swift */; };
		B1625B2326C7E3C3000BD74D /* loadingViewController.swift in Sources */ = {isa = PBXBuildFile; fileRef = B1625B2226C7E3C3000BD74D /* loadingViewController.swift */; };
		B16384FD26C7BF2D002013F4 /* FamilyViewModel.swift in Sources */ = {isa = PBXBuildFile; fileRef = B16384FC26C7BF2D002013F4 /* FamilyViewModel.swift */; };
		B1808B6226C8425700B6FE37 /* MypageViewController.swift in Sources */ = {isa = PBXBuildFile; fileRef = B1808B6126C8425700B6FE37 /* MypageViewController.swift */; };
		B1808B6426C8667C00B6FE37 /* MypageTableViewModel.swift in Sources */ = {isa = PBXBuildFile; fileRef = B1808B6326C8667C00B6FE37 /* MypageTableViewModel.swift */; };
		B1808B6826C89C0D00B6FE37 /* PreviewView.swift in Sources */ = {isa = PBXBuildFile; fileRef = B1808B6726C89C0D00B6FE37 /* PreviewView.swift */; };
		B1808B6A26C89E0D00B6FE37 /* CameraViewController.swift in Sources */ = {isa = PBXBuildFile; fileRef = B1808B6926C89E0D00B6FE37 /* CameraViewController.swift */; };
		B1808B6D26C8A8ED00B6FE37 /* Tutorial1.swift in Sources */ = {isa = PBXBuildFile; fileRef = B1808B6C26C8A8ED00B6FE37 /* Tutorial1.swift */; };
		B1808B6F26C8A90300B6FE37 /* Tutorial2.swift in Sources */ = {isa = PBXBuildFile; fileRef = B1808B6E26C8A90300B6FE37 /* Tutorial2.swift */; };
		B1808B7126C8A90F00B6FE37 /* Tutorial3.swift in Sources */ = {isa = PBXBuildFile; fileRef = B1808B7026C8A90F00B6FE37 /* Tutorial3.swift */; };
		B196897F26C7FF49007B9B1A /* WelcomeViewController.swift in Sources */ = {isa = PBXBuildFile; fileRef = B196897E26C7FF49007B9B1A /* WelcomeViewController.swift */; };
		B196898126C8003A007B9B1A /* JoinViewController.swift in Sources */ = {isa = PBXBuildFile; fileRef = B196898026C8003A007B9B1A /* JoinViewController.swift */; };
		B196898326C800DC007B9B1A /* Invitation.swift in Sources */ = {isa = PBXBuildFile; fileRef = B196898226C800DC007B9B1A /* Invitation.swift */; };
		B196898A26C80E11007B9B1A /* GoogleService-Info.plist in Resources */ = {isa = PBXBuildFile; fileRef = B196898926C80E11007B9B1A /* GoogleService-Info.plist */; };
		B196898C26C81105007B9B1A /* MemberProfileViewController.swift in Sources */ = {isa = PBXBuildFile; fileRef = B196898B26C81105007B9B1A /* MemberProfileViewController.swift */; };
		B196898F26C812F0007B9B1A /* User.swift in Sources */ = {isa = PBXBuildFile; fileRef = B196898E26C812F0007B9B1A /* User.swift */; };
		B196899226C81FCA007B9B1A /* APIManager.swift in Sources */ = {isa = PBXBuildFile; fileRef = B196899126C81FCA007B9B1A /* APIManager.swift */; };
		B1C8CC8426C74A4C00346355 /* AppDelegate.swift in Sources */ = {isa = PBXBuildFile; fileRef = B1C8CC8326C74A4C00346355 /* AppDelegate.swift */; };
		B1C8CC8626C74A4C00346355 /* SceneDelegate.swift in Sources */ = {isa = PBXBuildFile; fileRef = B1C8CC8526C74A4C00346355 /* SceneDelegate.swift */; };
		B1C8CC8826C74A4C00346355 /* ViewController.swift in Sources */ = {isa = PBXBuildFile; fileRef = B1C8CC8726C74A4C00346355 /* ViewController.swift */; };
		B1C8CC8B26C74A4C00346355 /* Main.storyboard in Resources */ = {isa = PBXBuildFile; fileRef = B1C8CC8926C74A4C00346355 /* Main.storyboard */; };
		B1C8CC8D26C74A4D00346355 /* Assets.xcassets in Resources */ = {isa = PBXBuildFile; fileRef = B1C8CC8C26C74A4D00346355 /* Assets.xcassets */; };
		B1C8CC9026C74A4D00346355 /* LaunchScreen.storyboard in Resources */ = {isa = PBXBuildFile; fileRef = B1C8CC8E26C74A4D00346355 /* LaunchScreen.storyboard */; };
		B1C8CC9B26C74A4D00346355 /* HappyHouseTests.swift in Sources */ = {isa = PBXBuildFile; fileRef = B1C8CC9A26C74A4D00346355 /* HappyHouseTests.swift */; };
		B1C8CCA626C74A4D00346355 /* HappyHouseUITests.swift in Sources */ = {isa = PBXBuildFile; fileRef = B1C8CCA526C74A4D00346355 /* HappyHouseUITests.swift */; };
		B1C8CCB426C756BF00346355 /* CreateFamily.storyboard in Resources */ = {isa = PBXBuildFile; fileRef = B1C8CCB326C756BF00346355 /* CreateFamily.storyboard */; };
		B1C8CCB826C757C200346355 /* CreateFamilyViewController.swift in Sources */ = {isa = PBXBuildFile; fileRef = B1C8CCB726C757C200346355 /* CreateFamilyViewController.swift */; };
		B1C8CCBB26C772E700346355 /* FamilyViewController.swift in Sources */ = {isa = PBXBuildFile; fileRef = B1C8CCBA26C772E700346355 /* FamilyViewController.swift */; };
		B1C8CCBD26C7731D00346355 /* MyProfileViewController.swift in Sources */ = {isa = PBXBuildFile; fileRef = B1C8CCBC26C7731D00346355 /* MyProfileViewController.swift */; };
		B1E2150926C833C50081F42D /* HomeViewController.swift in Sources */ = {isa = PBXBuildFile; fileRef = B1E2150626C833C50081F42D /* HomeViewController.swift */; };
		B1E2150A26C833C50081F42D /* HomeView.storyboard in Resources */ = {isa = PBXBuildFile; fileRef = B1E2150726C833C50081F42D /* HomeView.storyboard */; };
		B1E2150B26C833C50081F42D /* RecommendViewModel.swift in Sources */ = {isa = PBXBuildFile; fileRef = B1E2150826C833C50081F42D /* RecommendViewModel.swift */; };
		B1E2151026C838370081F42D /* CreateRoutine.storyboard in Resources */ = {isa = PBXBuildFile; fileRef = B1E2150F26C838370081F42D /* CreateRoutine.storyboard */; };
		B1E2151626C85B670081F42D /* Member.swift in Sources */ = {isa = PBXBuildFile; fileRef = B1E2151526C85B670081F42D /* Member.swift */; };
		B1E2151826C85F170081F42D /* NewRoutineViewController.swift in Sources */ = {isa = PBXBuildFile; fileRef = B1E2151726C85F170081F42D /* NewRoutineViewController.swift */; };
		C60A6336723078343ADE2B5E /* Pods_HappyHouse.framework in Frameworks */ = {isa = PBXBuildFile; fileRef = DC81CE1613BDCBF66DA12E53 /* Pods_HappyHouse.framework */; };
		EAEED76C82F68562DB26B05D /* Pods_HappyHouse_HappyHouseUITests.framework in Frameworks */ = {isa = PBXBuildFile; fileRef = 0DC38628E2E155F8B0A57735 /* Pods_HappyHouse_HappyHouseUITests.framework */; };
/* End PBXBuildFile section */

/* Begin PBXContainerItemProxy section */
		B1C8CC9726C74A4D00346355 /* PBXContainerItemProxy */ = {
			isa = PBXContainerItemProxy;
			containerPortal = B1C8CC7826C74A4C00346355 /* Project object */;
			proxyType = 1;
			remoteGlobalIDString = B1C8CC7F26C74A4C00346355;
			remoteInfo = HappyHouse;
		};
		B1C8CCA226C74A4D00346355 /* PBXContainerItemProxy */ = {
			isa = PBXContainerItemProxy;
			containerPortal = B1C8CC7826C74A4C00346355 /* Project object */;
			proxyType = 1;
			remoteGlobalIDString = B1C8CC7F26C74A4C00346355;
			remoteInfo = HappyHouse;
		};
/* End PBXContainerItemProxy section */

/* Begin PBXFileReference section */
		0DC38628E2E155F8B0A57735 /* Pods_HappyHouse_HappyHouseUITests.framework */ = {isa = PBXFileReference; explicitFileType = wrapper.framework; includeInIndex = 0; path = Pods_HappyHouse_HappyHouseUITests.framework; sourceTree = BUILT_PRODUCTS_DIR; };
		23D5254137279DAF12BB8CF5 /* Pods-HappyHouse.debug.xcconfig */ = {isa = PBXFileReference; includeInIndex = 1; lastKnownFileType = text.xcconfig; name = "Pods-HappyHouse.debug.xcconfig"; path = "Target Support Files/Pods-HappyHouse/Pods-HappyHouse.debug.xcconfig"; sourceTree = "<group>"; };
		4C0E482DE29C89A4551FFEED /* Pods-HappyHouseTests.debug.xcconfig */ = {isa = PBXFileReference; includeInIndex = 1; lastKnownFileType = text.xcconfig; name = "Pods-HappyHouseTests.debug.xcconfig"; path = "Target Support Files/Pods-HappyHouseTests/Pods-HappyHouseTests.debug.xcconfig"; sourceTree = "<group>"; };
		926AE511005A817508D12B9E /* Pods-HappyHouseTests.release.xcconfig */ = {isa = PBXFileReference; includeInIndex = 1; lastKnownFileType = text.xcconfig; name = "Pods-HappyHouseTests.release.xcconfig"; path = "Target Support Files/Pods-HappyHouseTests/Pods-HappyHouseTests.release.xcconfig"; sourceTree = "<group>"; };
		B1625B1D26C7E3BC000BD74D /* loginViewController.swift */ = {isa = PBXFileReference; fileEncoding = 4; lastKnownFileType = sourcecode.swift; path = loginViewController.swift; sourceTree = "<group>"; };
		B1625B1E26C7E3BC000BD74D /* inviteViewController.swift */ = {isa = PBXFileReference; fileEncoding = 4; lastKnownFileType = sourcecode.swift; path = inviteViewController.swift; sourceTree = "<group>"; };
		B1625B2226C7E3C3000BD74D /* loadingViewController.swift */ = {isa = PBXFileReference; fileEncoding = 4; lastKnownFileType = sourcecode.swift; path = loadingViewController.swift; sourceTree = "<group>"; };
		B16384FC26C7BF2D002013F4 /* FamilyViewModel.swift */ = {isa = PBXFileReference; lastKnownFileType = sourcecode.swift; path = FamilyViewModel.swift; sourceTree = "<group>"; };
		B1808B6126C8425700B6FE37 /* MypageViewController.swift */ = {isa = PBXFileReference; lastKnownFileType = sourcecode.swift; path = MypageViewController.swift; sourceTree = "<group>"; };
		B1808B6326C8667C00B6FE37 /* MypageTableViewModel.swift */ = {isa = PBXFileReference; lastKnownFileType = sourcecode.swift; path = MypageTableViewModel.swift; sourceTree = "<group>"; };
		B1808B6726C89C0D00B6FE37 /* PreviewView.swift */ = {isa = PBXFileReference; lastKnownFileType = sourcecode.swift; path = PreviewView.swift; sourceTree = "<group>"; };
		B1808B6926C89E0D00B6FE37 /* CameraViewController.swift */ = {isa = PBXFileReference; lastKnownFileType = sourcecode.swift; path = CameraViewController.swift; sourceTree = "<group>"; };
		B1808B6C26C8A8ED00B6FE37 /* Tutorial1.swift */ = {isa = PBXFileReference; lastKnownFileType = sourcecode.swift; path = Tutorial1.swift; sourceTree = "<group>"; };
		B1808B6E26C8A90300B6FE37 /* Tutorial2.swift */ = {isa = PBXFileReference; lastKnownFileType = sourcecode.swift; path = Tutorial2.swift; sourceTree = "<group>"; };
		B1808B7026C8A90F00B6FE37 /* Tutorial3.swift */ = {isa = PBXFileReference; lastKnownFileType = sourcecode.swift; path = Tutorial3.swift; sourceTree = "<group>"; };
		B196897E26C7FF49007B9B1A /* WelcomeViewController.swift */ = {isa = PBXFileReference; lastKnownFileType = sourcecode.swift; path = WelcomeViewController.swift; sourceTree = "<group>"; };
		B196898026C8003A007B9B1A /* JoinViewController.swift */ = {isa = PBXFileReference; lastKnownFileType = sourcecode.swift; path = JoinViewController.swift; sourceTree = "<group>"; };
		B196898226C800DC007B9B1A /* Invitation.swift */ = {isa = PBXFileReference; lastKnownFileType = sourcecode.swift; path = Invitation.swift; sourceTree = "<group>"; };
		B196898926C80E11007B9B1A /* GoogleService-Info.plist */ = {isa = PBXFileReference; fileEncoding = 4; lastKnownFileType = text.plist.xml; path = "GoogleService-Info.plist"; sourceTree = "<group>"; };
		B196898B26C81105007B9B1A /* MemberProfileViewController.swift */ = {isa = PBXFileReference; lastKnownFileType = sourcecode.swift; path = MemberProfileViewController.swift; sourceTree = "<group>"; };
		B196898E26C812F0007B9B1A /* User.swift */ = {isa = PBXFileReference; lastKnownFileType = sourcecode.swift; path = User.swift; sourceTree = "<group>"; };
		B196899126C81FCA007B9B1A /* APIManager.swift */ = {isa = PBXFileReference; lastKnownFileType = sourcecode.swift; path = APIManager.swift; sourceTree = "<group>"; };
		B1C8CC8026C74A4C00346355 /* HappyHouse.app */ = {isa = PBXFileReference; explicitFileType = wrapper.application; includeInIndex = 0; path = HappyHouse.app; sourceTree = BUILT_PRODUCTS_DIR; };
		B1C8CC8326C74A4C00346355 /* AppDelegate.swift */ = {isa = PBXFileReference; lastKnownFileType = sourcecode.swift; path = AppDelegate.swift; sourceTree = "<group>"; };
		B1C8CC8526C74A4C00346355 /* SceneDelegate.swift */ = {isa = PBXFileReference; lastKnownFileType = sourcecode.swift; path = SceneDelegate.swift; sourceTree = "<group>"; };
		B1C8CC8726C74A4C00346355 /* ViewController.swift */ = {isa = PBXFileReference; lastKnownFileType = sourcecode.swift; path = ViewController.swift; sourceTree = "<group>"; };
		B1C8CC8A26C74A4C00346355 /* Base */ = {isa = PBXFileReference; lastKnownFileType = file.storyboard; name = Base; path = Base.lproj/Main.storyboard; sourceTree = "<group>"; };
		B1C8CC8C26C74A4D00346355 /* Assets.xcassets */ = {isa = PBXFileReference; lastKnownFileType = folder.assetcatalog; path = Assets.xcassets; sourceTree = "<group>"; };
		B1C8CC8F26C74A4D00346355 /* Base */ = {isa = PBXFileReference; lastKnownFileType = file.storyboard; name = Base; path = Base.lproj/LaunchScreen.storyboard; sourceTree = "<group>"; };
		B1C8CC9126C74A4D00346355 /* Info.plist */ = {isa = PBXFileReference; lastKnownFileType = text.plist.xml; path = Info.plist; sourceTree = "<group>"; };
		B1C8CC9626C74A4D00346355 /* HappyHouseTests.xctest */ = {isa = PBXFileReference; explicitFileType = wrapper.cfbundle; includeInIndex = 0; path = HappyHouseTests.xctest; sourceTree = BUILT_PRODUCTS_DIR; };
		B1C8CC9A26C74A4D00346355 /* HappyHouseTests.swift */ = {isa = PBXFileReference; lastKnownFileType = sourcecode.swift; path = HappyHouseTests.swift; sourceTree = "<group>"; };
		B1C8CC9C26C74A4D00346355 /* Info.plist */ = {isa = PBXFileReference; lastKnownFileType = text.plist.xml; path = Info.plist; sourceTree = "<group>"; };
		B1C8CCA126C74A4D00346355 /* HappyHouseUITests.xctest */ = {isa = PBXFileReference; explicitFileType = wrapper.cfbundle; includeInIndex = 0; path = HappyHouseUITests.xctest; sourceTree = BUILT_PRODUCTS_DIR; };
		B1C8CCA526C74A4D00346355 /* HappyHouseUITests.swift */ = {isa = PBXFileReference; lastKnownFileType = sourcecode.swift; path = HappyHouseUITests.swift; sourceTree = "<group>"; };
		B1C8CCA726C74A4D00346355 /* Info.plist */ = {isa = PBXFileReference; lastKnownFileType = text.plist.xml; path = Info.plist; sourceTree = "<group>"; };
		B1C8CCB326C756BF00346355 /* CreateFamily.storyboard */ = {isa = PBXFileReference; lastKnownFileType = file.storyboard; path = CreateFamily.storyboard; sourceTree = "<group>"; };
		B1C8CCB726C757C200346355 /* CreateFamilyViewController.swift */ = {isa = PBXFileReference; lastKnownFileType = sourcecode.swift; path = CreateFamilyViewController.swift; sourceTree = "<group>"; };
		B1C8CCBA26C772E700346355 /* FamilyViewController.swift */ = {isa = PBXFileReference; lastKnownFileType = sourcecode.swift; path = FamilyViewController.swift; sourceTree = "<group>"; };
		B1C8CCBC26C7731D00346355 /* MyProfileViewController.swift */ = {isa = PBXFileReference; lastKnownFileType = sourcecode.swift; path = MyProfileViewController.swift; sourceTree = "<group>"; };
		B1E2150626C833C50081F42D /* HomeViewController.swift */ = {isa = PBXFileReference; fileEncoding = 4; lastKnownFileType = sourcecode.swift; path = HomeViewController.swift; sourceTree = "<group>"; };
		B1E2150726C833C50081F42D /* HomeView.storyboard */ = {isa = PBXFileReference; fileEncoding = 4; lastKnownFileType = file.storyboard; path = HomeView.storyboard; sourceTree = "<group>"; };
		B1E2150826C833C50081F42D /* RecommendViewModel.swift */ = {isa = PBXFileReference; fileEncoding = 4; lastKnownFileType = sourcecode.swift; path = RecommendViewModel.swift; sourceTree = "<group>"; };
		B1E2150F26C838370081F42D /* CreateRoutine.storyboard */ = {isa = PBXFileReference; lastKnownFileType = file.storyboard; path = CreateRoutine.storyboard; sourceTree = "<group>"; };
		B1E2151526C85B670081F42D /* Member.swift */ = {isa = PBXFileReference; lastKnownFileType = sourcecode.swift; path = Member.swift; sourceTree = "<group>"; };
		B1E2151726C85F170081F42D /* NewRoutineViewController.swift */ = {isa = PBXFileReference; lastKnownFileType = sourcecode.swift; path = NewRoutineViewController.swift; sourceTree = "<group>"; };
		BE1C173A7AB9EAF57D8144A0 /* Pods-HappyHouse-HappyHouseUITests.debug.xcconfig */ = {isa = PBXFileReference; includeInIndex = 1; lastKnownFileType = text.xcconfig; name = "Pods-HappyHouse-HappyHouseUITests.debug.xcconfig"; path = "Target Support Files/Pods-HappyHouse-HappyHouseUITests/Pods-HappyHouse-HappyHouseUITests.debug.xcconfig"; sourceTree = "<group>"; };
		D3CD7A586B73C3B7C9A1CB99 /* Pods-HappyHouse-HappyHouseUITests.release.xcconfig */ = {isa = PBXFileReference; includeInIndex = 1; lastKnownFileType = text.xcconfig; name = "Pods-HappyHouse-HappyHouseUITests.release.xcconfig"; path = "Target Support Files/Pods-HappyHouse-HappyHouseUITests/Pods-HappyHouse-HappyHouseUITests.release.xcconfig"; sourceTree = "<group>"; };
		DC81CE1613BDCBF66DA12E53 /* Pods_HappyHouse.framework */ = {isa = PBXFileReference; explicitFileType = wrapper.framework; includeInIndex = 0; path = Pods_HappyHouse.framework; sourceTree = BUILT_PRODUCTS_DIR; };
		EBCD1E3EC2035912B721B8C6 /* Pods-HappyHouse.release.xcconfig */ = {isa = PBXFileReference; includeInIndex = 1; lastKnownFileType = text.xcconfig; name = "Pods-HappyHouse.release.xcconfig"; path = "Target Support Files/Pods-HappyHouse/Pods-HappyHouse.release.xcconfig"; sourceTree = "<group>"; };
		ECF4D2E8D7A48EDCECDBDD7D /* Pods_HappyHouseTests.framework */ = {isa = PBXFileReference; explicitFileType = wrapper.framework; includeInIndex = 0; path = Pods_HappyHouseTests.framework; sourceTree = BUILT_PRODUCTS_DIR; };
/* End PBXFileReference section */

/* Begin PBXFrameworksBuildPhase section */
		B1C8CC7D26C74A4C00346355 /* Frameworks */ = {
			isa = PBXFrameworksBuildPhase;
			buildActionMask = 2147483647;
			files = (
				C60A6336723078343ADE2B5E /* Pods_HappyHouse.framework in Frameworks */,
			);
			runOnlyForDeploymentPostprocessing = 0;
		};
		B1C8CC9326C74A4D00346355 /* Frameworks */ = {
			isa = PBXFrameworksBuildPhase;
			buildActionMask = 2147483647;
			files = (
				B15C824B505E3C2D99B241E8 /* Pods_HappyHouseTests.framework in Frameworks */,
			);
			runOnlyForDeploymentPostprocessing = 0;
		};
		B1C8CC9E26C74A4D00346355 /* Frameworks */ = {
			isa = PBXFrameworksBuildPhase;
			buildActionMask = 2147483647;
			files = (
				EAEED76C82F68562DB26B05D /* Pods_HappyHouse_HappyHouseUITests.framework in Frameworks */,
			);
			runOnlyForDeploymentPostprocessing = 0;
		};
/* End PBXFrameworksBuildPhase section */

/* Begin PBXGroup section */
		6D0712506F6E9804AD6949D8 /* Pods */ = {
			isa = PBXGroup;
			children = (
				23D5254137279DAF12BB8CF5 /* Pods-HappyHouse.debug.xcconfig */,
				EBCD1E3EC2035912B721B8C6 /* Pods-HappyHouse.release.xcconfig */,
				BE1C173A7AB9EAF57D8144A0 /* Pods-HappyHouse-HappyHouseUITests.debug.xcconfig */,
				D3CD7A586B73C3B7C9A1CB99 /* Pods-HappyHouse-HappyHouseUITests.release.xcconfig */,
				4C0E482DE29C89A4551FFEED /* Pods-HappyHouseTests.debug.xcconfig */,
				926AE511005A817508D12B9E /* Pods-HappyHouseTests.release.xcconfig */,
			);
			path = Pods;
			sourceTree = "<group>";
		};
		7A3989768DED11209E97EFE0 /* Frameworks */ = {
			isa = PBXGroup;
			children = (
				DC81CE1613BDCBF66DA12E53 /* Pods_HappyHouse.framework */,
				0DC38628E2E155F8B0A57735 /* Pods_HappyHouse_HappyHouseUITests.framework */,
				ECF4D2E8D7A48EDCECDBDD7D /* Pods_HappyHouseTests.framework */,
			);
			name = Frameworks;
			sourceTree = "<group>";
		};
		B1625B1C26C7E3BC000BD74D /* Login */ = {
			isa = PBXGroup;
			children = (
				B1625B1D26C7E3BC000BD74D /* loginViewController.swift */,
				B1625B1E26C7E3BC000BD74D /* inviteViewController.swift */,
			);
			path = Login;
			sourceTree = "<group>";
		};
		B1625B2126C7E3C3000BD74D /* Loading */ = {
			isa = PBXGroup;
			children = (
				B1625B2226C7E3C3000BD74D /* loadingViewController.swift */,
			);
			path = Loading;
			sourceTree = "<group>";
		};
		B1808B6026C8424000B6FE37 /* MyPage */ = {
			isa = PBXGroup;
			children = (
				B1808B6126C8425700B6FE37 /* MypageViewController.swift */,
				B1808B6326C8667C00B6FE37 /* MypageTableViewModel.swift */,
			);
			path = MyPage;
			sourceTree = "<group>";
		};
		B1808B6B26C8A8DD00B6FE37 /* Tutorial */ = {
			isa = PBXGroup;
			children = (
				B1808B6C26C8A8ED00B6FE37 /* Tutorial1.swift */,
				B1808B6E26C8A90300B6FE37 /* Tutorial2.swift */,
				B1808B7026C8A90F00B6FE37 /* Tutorial3.swift */,
			);
			path = Tutorial;
			sourceTree = "<group>";
		};
		B196897D26C7FF3A007B9B1A /* Welcome */ = {
			isa = PBXGroup;
			children = (
				B196897E26C7FF49007B9B1A /* WelcomeViewController.swift */,
				B196898026C8003A007B9B1A /* JoinViewController.swift */,
				B196898226C800DC007B9B1A /* Invitation.swift */,
			);
			path = Welcome;
			sourceTree = "<group>";
		};
		B196898D26C812B5007B9B1A /* Model */ = {
			isa = PBXGroup;
			children = (
				B196898E26C812F0007B9B1A /* User.swift */,
				B1E2151526C85B670081F42D /* Member.swift */,
			);
			path = Model;
			sourceTree = "<group>";
		};
		B196899026C81FBD007B9B1A /* APIManager */ = {
			isa = PBXGroup;
			children = (
				B196899126C81FCA007B9B1A /* APIManager.swift */,
			);
			path = APIManager;
			sourceTree = "<group>";
		};
		B1C8CC7726C74A4C00346355 = {
			isa = PBXGroup;
			children = (
				B1C8CC8226C74A4C00346355 /* HappyHouse */,
				B1C8CC9926C74A4D00346355 /* HappyHouseTests */,
				B1C8CCA426C74A4D00346355 /* HappyHouseUITests */,
				B1C8CC8126C74A4C00346355 /* Products */,
				6D0712506F6E9804AD6949D8 /* Pods */,
				7A3989768DED11209E97EFE0 /* Frameworks */,
			);
			sourceTree = "<group>";
		};
		B1C8CC8126C74A4C00346355 /* Products */ = {
			isa = PBXGroup;
			children = (
				B1C8CC8026C74A4C00346355 /* HappyHouse.app */,
				B1C8CC9626C74A4D00346355 /* HappyHouseTests.xctest */,
				B1C8CCA126C74A4D00346355 /* HappyHouseUITests.xctest */,
			);
			name = Products;
			sourceTree = "<group>";
		};
		B1C8CC8226C74A4C00346355 /* HappyHouse */ = {
			isa = PBXGroup;
			children = (
				B1808B6B26C8A8DD00B6FE37 /* Tutorial */,
				B1808B6026C8424000B6FE37 /* MyPage */,
				B1E2150C26C837980081F42D /* CreateRoutine */,
				B1E2150526C833C50081F42D /* HomeView */,
				B196899026C81FBD007B9B1A /* APIManager */,
				B196898D26C812B5007B9B1A /* Model */,
				B196897D26C7FF3A007B9B1A /* Welcome */,
				B1625B2126C7E3C3000BD74D /* Loading */,
				B1625B1C26C7E3BC000BD74D /* Login */,
				B1C8CCB926C772CD00346355 /* CreateFamily */,
				B1C8CC8326C74A4C00346355 /* AppDelegate.swift */,
				B1C8CC8526C74A4C00346355 /* SceneDelegate.swift */,
				B1C8CC8726C74A4C00346355 /* ViewController.swift */,
				B1C8CC8926C74A4C00346355 /* Main.storyboard */,
				B1C8CC8C26C74A4D00346355 /* Assets.xcassets */,
				B1C8CC8E26C74A4D00346355 /* LaunchScreen.storyboard */,
				B1C8CC9126C74A4D00346355 /* Info.plist */,
				B196898926C80E11007B9B1A /* GoogleService-Info.plist */,
			);
			path = HappyHouse;
			sourceTree = "<group>";
		};
		B1C8CC9926C74A4D00346355 /* HappyHouseTests */ = {
			isa = PBXGroup;
			children = (
				B1C8CC9A26C74A4D00346355 /* HappyHouseTests.swift */,
				B1C8CC9C26C74A4D00346355 /* Info.plist */,
			);
			path = HappyHouseTests;
			sourceTree = "<group>";
		};
		B1C8CCA426C74A4D00346355 /* HappyHouseUITests */ = {
			isa = PBXGroup;
			children = (
				B1C8CCA526C74A4D00346355 /* HappyHouseUITests.swift */,
				B1C8CCA726C74A4D00346355 /* Info.plist */,
			);
			path = HappyHouseUITests;
			sourceTree = "<group>";
		};
		B1C8CCB926C772CD00346355 /* CreateFamily */ = {
			isa = PBXGroup;
			children = (
				B1C8CCB326C756BF00346355 /* CreateFamily.storyboard */,
				B1C8CCB726C757C200346355 /* CreateFamilyViewController.swift */,
				B1C8CCBC26C7731D00346355 /* MyProfileViewController.swift */,
				B1C8CCBA26C772E700346355 /* FamilyViewController.swift */,
				B16384FC26C7BF2D002013F4 /* FamilyViewModel.swift */,
				B196898B26C81105007B9B1A /* MemberProfileViewController.swift */,
			);
			path = CreateFamily;
			sourceTree = "<group>";
		};
		B1E2150526C833C50081F42D /* HomeView */ = {
			isa = PBXGroup;
			children = (
				B1E2150626C833C50081F42D /* HomeViewController.swift */,
				B1E2150726C833C50081F42D /* HomeView.storyboard */,
				B1E2150826C833C50081F42D /* RecommendViewModel.swift */,
				B1808B6726C89C0D00B6FE37 /* PreviewView.swift */,
				B1808B6926C89E0D00B6FE37 /* CameraViewController.swift */,
			);
			path = HomeView;
			sourceTree = "<group>";
		};
		B1E2150C26C837980081F42D /* CreateRoutine */ = {
			isa = PBXGroup;
			children = (
				B1E2150F26C838370081F42D /* CreateRoutine.storyboard */,
				B1E2151726C85F170081F42D /* NewRoutineViewController.swift */,
			);
			path = CreateRoutine;
			sourceTree = "<group>";
		};
/* End PBXGroup section */

/* Begin PBXNativeTarget section */
		B1C8CC7F26C74A4C00346355 /* HappyHouse */ = {
			isa = PBXNativeTarget;
			buildConfigurationList = B1C8CCAA26C74A4D00346355 /* Build configuration list for PBXNativeTarget "HappyHouse" */;
			buildPhases = (
				4CCBFF92EE95422A6EDF348B /* [CP] Check Pods Manifest.lock */,
				B1C8CC7C26C74A4C00346355 /* Sources */,
				B1C8CC7D26C74A4C00346355 /* Frameworks */,
				B1C8CC7E26C74A4C00346355 /* Resources */,
				6A741DD8348BFF5854A26488 /* [CP] Embed Pods Frameworks */,
			);
			buildRules = (
			);
			dependencies = (
			);
			name = HappyHouse;
			productName = HappyHouse;
			productReference = B1C8CC8026C74A4C00346355 /* HappyHouse.app */;
			productType = "com.apple.product-type.application";
		};
		B1C8CC9526C74A4D00346355 /* HappyHouseTests */ = {
			isa = PBXNativeTarget;
			buildConfigurationList = B1C8CCAD26C74A4D00346355 /* Build configuration list for PBXNativeTarget "HappyHouseTests" */;
			buildPhases = (
				21CD35BF5B188C248C7F47CC /* [CP] Check Pods Manifest.lock */,
				B1C8CC9226C74A4D00346355 /* Sources */,
				B1C8CC9326C74A4D00346355 /* Frameworks */,
				B1C8CC9426C74A4D00346355 /* Resources */,
			);
			buildRules = (
			);
			dependencies = (
				B1C8CC9826C74A4D00346355 /* PBXTargetDependency */,
			);
			name = HappyHouseTests;
			productName = HappyHouseTests;
			productReference = B1C8CC9626C74A4D00346355 /* HappyHouseTests.xctest */;
			productType = "com.apple.product-type.bundle.unit-test";
		};
		B1C8CCA026C74A4D00346355 /* HappyHouseUITests */ = {
			isa = PBXNativeTarget;
			buildConfigurationList = B1C8CCB026C74A4D00346355 /* Build configuration list for PBXNativeTarget "HappyHouseUITests" */;
			buildPhases = (
				9F4D1BD4A2FEC36FC5A07DCE /* [CP] Check Pods Manifest.lock */,
				B1C8CC9D26C74A4D00346355 /* Sources */,
				B1C8CC9E26C74A4D00346355 /* Frameworks */,
				B1C8CC9F26C74A4D00346355 /* Resources */,
				57363413F30F6A96D71E0293 /* [CP] Embed Pods Frameworks */,
			);
			buildRules = (
			);
			dependencies = (
				B1C8CCA326C74A4D00346355 /* PBXTargetDependency */,
			);
			name = HappyHouseUITests;
			productName = HappyHouseUITests;
			productReference = B1C8CCA126C74A4D00346355 /* HappyHouseUITests.xctest */;
			productType = "com.apple.product-type.bundle.ui-testing";
		};
/* End PBXNativeTarget section */

/* Begin PBXProject section */
		B1C8CC7826C74A4C00346355 /* Project object */ = {
			isa = PBXProject;
			attributes = {
				LastSwiftUpdateCheck = 1250;
				LastUpgradeCheck = 1250;
				TargetAttributes = {
					B1C8CC7F26C74A4C00346355 = {
						CreatedOnToolsVersion = 12.5.1;
					};
					B1C8CC9526C74A4D00346355 = {
						CreatedOnToolsVersion = 12.5.1;
						TestTargetID = B1C8CC7F26C74A4C00346355;
					};
					B1C8CCA026C74A4D00346355 = {
						CreatedOnToolsVersion = 12.5.1;
						TestTargetID = B1C8CC7F26C74A4C00346355;
					};
				};
			};
			buildConfigurationList = B1C8CC7B26C74A4C00346355 /* Build configuration list for PBXProject "HappyHouse" */;
			compatibilityVersion = "Xcode 9.3";
			developmentRegion = en;
			hasScannedForEncodings = 0;
			knownRegions = (
				en,
				Base,
			);
			mainGroup = B1C8CC7726C74A4C00346355;
			productRefGroup = B1C8CC8126C74A4C00346355 /* Products */;
			projectDirPath = "";
			projectRoot = "";
			targets = (
				B1C8CC7F26C74A4C00346355 /* HappyHouse */,
				B1C8CC9526C74A4D00346355 /* HappyHouseTests */,
				B1C8CCA026C74A4D00346355 /* HappyHouseUITests */,
			);
		};
/* End PBXProject section */

/* Begin PBXResourcesBuildPhase section */
		B1C8CC7E26C74A4C00346355 /* Resources */ = {
			isa = PBXResourcesBuildPhase;
			buildActionMask = 2147483647;
			files = (
				B1E2150A26C833C50081F42D /* HomeView.storyboard in Resources */,
				B1C8CC9026C74A4D00346355 /* LaunchScreen.storyboard in Resources */,
				B1C8CC8D26C74A4D00346355 /* Assets.xcassets in Resources */,
				B196898A26C80E11007B9B1A /* GoogleService-Info.plist in Resources */,
				B1C8CCB426C756BF00346355 /* CreateFamily.storyboard in Resources */,
				B1E2151026C838370081F42D /* CreateRoutine.storyboard in Resources */,
				B1C8CC8B26C74A4C00346355 /* Main.storyboard in Resources */,
			);
			runOnlyForDeploymentPostprocessing = 0;
		};
		B1C8CC9426C74A4D00346355 /* Resources */ = {
			isa = PBXResourcesBuildPhase;
			buildActionMask = 2147483647;
			files = (
			);
			runOnlyForDeploymentPostprocessing = 0;
		};
		B1C8CC9F26C74A4D00346355 /* Resources */ = {
			isa = PBXResourcesBuildPhase;
			buildActionMask = 2147483647;
			files = (
			);
			runOnlyForDeploymentPostprocessing = 0;
		};
/* End PBXResourcesBuildPhase section */

/* Begin PBXShellScriptBuildPhase section */
		21CD35BF5B188C248C7F47CC /* [CP] Check Pods Manifest.lock */ = {
			isa = PBXShellScriptBuildPhase;
			buildActionMask = 2147483647;
			files = (
			);
			inputFileListPaths = (
			);
			inputPaths = (
				"${PODS_PODFILE_DIR_PATH}/Podfile.lock",
				"${PODS_ROOT}/Manifest.lock",
			);
			name = "[CP] Check Pods Manifest.lock";
			outputFileListPaths = (
			);
			outputPaths = (
				"$(DERIVED_FILE_DIR)/Pods-HappyHouseTests-checkManifestLockResult.txt",
			);
			runOnlyForDeploymentPostprocessing = 0;
			shellPath = /bin/sh;
			shellScript = "diff \"${PODS_PODFILE_DIR_PATH}/Podfile.lock\" \"${PODS_ROOT}/Manifest.lock\" > /dev/null\nif [ $? != 0 ] ; then\n    # print error to STDERR\n    echo \"error: The sandbox is not in sync with the Podfile.lock. Run 'pod install' or update your CocoaPods installation.\" >&2\n    exit 1\nfi\n# This output is used by Xcode 'outputs' to avoid re-running this script phase.\necho \"SUCCESS\" > \"${SCRIPT_OUTPUT_FILE_0}\"\n";
			showEnvVarsInLog = 0;
		};
		4CCBFF92EE95422A6EDF348B /* [CP] Check Pods Manifest.lock */ = {
			isa = PBXShellScriptBuildPhase;
			buildActionMask = 2147483647;
			files = (
			);
			inputFileListPaths = (
			);
			inputPaths = (
				"${PODS_PODFILE_DIR_PATH}/Podfile.lock",
				"${PODS_ROOT}/Manifest.lock",
			);
			name = "[CP] Check Pods Manifest.lock";
			outputFileListPaths = (
			);
			outputPaths = (
				"$(DERIVED_FILE_DIR)/Pods-HappyHouse-checkManifestLockResult.txt",
			);
			runOnlyForDeploymentPostprocessing = 0;
			shellPath = /bin/sh;
			shellScript = "diff \"${PODS_PODFILE_DIR_PATH}/Podfile.lock\" \"${PODS_ROOT}/Manifest.lock\" > /dev/null\nif [ $? != 0 ] ; then\n    # print error to STDERR\n    echo \"error: The sandbox is not in sync with the Podfile.lock. Run 'pod install' or update your CocoaPods installation.\" >&2\n    exit 1\nfi\n# This output is used by Xcode 'outputs' to avoid re-running this script phase.\necho \"SUCCESS\" > \"${SCRIPT_OUTPUT_FILE_0}\"\n";
			showEnvVarsInLog = 0;
		};
		57363413F30F6A96D71E0293 /* [CP] Embed Pods Frameworks */ = {
			isa = PBXShellScriptBuildPhase;
			buildActionMask = 2147483647;
			files = (
			);
			inputFileListPaths = (
				"${PODS_ROOT}/Target Support Files/Pods-HappyHouse-HappyHouseUITests/Pods-HappyHouse-HappyHouseUITests-frameworks-${CONFIGURATION}-input-files.xcfilelist",
			);
			name = "[CP] Embed Pods Frameworks";
			outputFileListPaths = (
				"${PODS_ROOT}/Target Support Files/Pods-HappyHouse-HappyHouseUITests/Pods-HappyHouse-HappyHouseUITests-frameworks-${CONFIGURATION}-output-files.xcfilelist",
			);
			runOnlyForDeploymentPostprocessing = 0;
			shellPath = /bin/sh;
			shellScript = "\"${PODS_ROOT}/Target Support Files/Pods-HappyHouse-HappyHouseUITests/Pods-HappyHouse-HappyHouseUITests-frameworks.sh\"\n";
			showEnvVarsInLog = 0;
		};
		6A741DD8348BFF5854A26488 /* [CP] Embed Pods Frameworks */ = {
			isa = PBXShellScriptBuildPhase;
			buildActionMask = 2147483647;
			files = (
			);
			inputFileListPaths = (
				"${PODS_ROOT}/Target Support Files/Pods-HappyHouse/Pods-HappyHouse-frameworks-${CONFIGURATION}-input-files.xcfilelist",
			);
			name = "[CP] Embed Pods Frameworks";
			outputFileListPaths = (
				"${PODS_ROOT}/Target Support Files/Pods-HappyHouse/Pods-HappyHouse-frameworks-${CONFIGURATION}-output-files.xcfilelist",
			);
			runOnlyForDeploymentPostprocessing = 0;
			shellPath = /bin/sh;
			shellScript = "\"${PODS_ROOT}/Target Support Files/Pods-HappyHouse/Pods-HappyHouse-frameworks.sh\"\n";
			showEnvVarsInLog = 0;
		};
		9F4D1BD4A2FEC36FC5A07DCE /* [CP] Check Pods Manifest.lock */ = {
			isa = PBXShellScriptBuildPhase;
			buildActionMask = 2147483647;
			files = (
			);
			inputFileListPaths = (
			);
			inputPaths = (
				"${PODS_PODFILE_DIR_PATH}/Podfile.lock",
				"${PODS_ROOT}/Manifest.lock",
			);
			name = "[CP] Check Pods Manifest.lock";
			outputFileListPaths = (
			);
			outputPaths = (
				"$(DERIVED_FILE_DIR)/Pods-HappyHouse-HappyHouseUITests-checkManifestLockResult.txt",
			);
			runOnlyForDeploymentPostprocessing = 0;
			shellPath = /bin/sh;
			shellScript = "diff \"${PODS_PODFILE_DIR_PATH}/Podfile.lock\" \"${PODS_ROOT}/Manifest.lock\" > /dev/null\nif [ $? != 0 ] ; then\n    # print error to STDERR\n    echo \"error: The sandbox is not in sync with the Podfile.lock. Run 'pod install' or update your CocoaPods installation.\" >&2\n    exit 1\nfi\n# This output is used by Xcode 'outputs' to avoid re-running this script phase.\necho \"SUCCESS\" > \"${SCRIPT_OUTPUT_FILE_0}\"\n";
			showEnvVarsInLog = 0;
		};
/* End PBXShellScriptBuildPhase section */

/* Begin PBXSourcesBuildPhase section */
		B1C8CC7C26C74A4C00346355 /* Sources */ = {
			isa = PBXSourcesBuildPhase;
			buildActionMask = 2147483647;
			files = (
				B196899226C81FCA007B9B1A /* APIManager.swift in Sources */,
				B1808B6226C8425700B6FE37 /* MypageViewController.swift in Sources */,
				B16384FD26C7BF2D002013F4 /* FamilyViewModel.swift in Sources */,
				B1C8CCB826C757C200346355 /* CreateFamilyViewController.swift in Sources */,
				B1808B6826C89C0D00B6FE37 /* PreviewView.swift in Sources */,
				B1E2150926C833C50081F42D /* HomeViewController.swift in Sources */,
				B196898F26C812F0007B9B1A /* User.swift in Sources */,
				B1808B6F26C8A90300B6FE37 /* Tutorial2.swift in Sources */,
				B196898326C800DC007B9B1A /* Invitation.swift in Sources */,
				B196897F26C7FF49007B9B1A /* WelcomeViewController.swift in Sources */,
				B1E2150B26C833C50081F42D /* RecommendViewModel.swift in Sources */,
				B196898C26C81105007B9B1A /* MemberProfileViewController.swift in Sources */,
				B1625B2026C7E3BC000BD74D /* inviteViewController.swift in Sources */,
				B1808B6426C8667C00B6FE37 /* MypageTableViewModel.swift in Sources */,
				B1C8CC8826C74A4C00346355 /* ViewController.swift in Sources */,
				B1C8CCBB26C772E700346355 /* FamilyViewController.swift in Sources */,
				B1808B6A26C89E0D00B6FE37 /* CameraViewController.swift in Sources */,
				B1625B1F26C7E3BC000BD74D /* loginViewController.swift in Sources */,
				B1C8CC8426C74A4C00346355 /* AppDelegate.swift in Sources */,
				B1C8CCBD26C7731D00346355 /* MyProfileViewController.swift in Sources */,
				B1808B7126C8A90F00B6FE37 /* Tutorial3.swift in Sources */,
				B1C8CC8626C74A4C00346355 /* SceneDelegate.swift in Sources */,
				B196898126C8003A007B9B1A /* JoinViewController.swift in Sources */,
				B1E2151826C85F170081F42D /* NewRoutineViewController.swift in Sources */,
				B1808B6D26C8A8ED00B6FE37 /* Tutorial1.swift in Sources */,
				B1625B2326C7E3C3000BD74D /* loadingViewController.swift in Sources */,
				B1E2151626C85B670081F42D /* Member.swift in Sources */,
			);
			runOnlyForDeploymentPostprocessing = 0;
		};
		B1C8CC9226C74A4D00346355 /* Sources */ = {
			isa = PBXSourcesBuildPhase;
			buildActionMask = 2147483647;
			files = (
				B1C8CC9B26C74A4D00346355 /* HappyHouseTests.swift in Sources */,
			);
			runOnlyForDeploymentPostprocessing = 0;
		};
		B1C8CC9D26C74A4D00346355 /* Sources */ = {
			isa = PBXSourcesBuildPhase;
			buildActionMask = 2147483647;
			files = (
				B1C8CCA626C74A4D00346355 /* HappyHouseUITests.swift in Sources */,
			);
			runOnlyForDeploymentPostprocessing = 0;
		};
/* End PBXSourcesBuildPhase section */

/* Begin PBXTargetDependency section */
		B1C8CC9826C74A4D00346355 /* PBXTargetDependency */ = {
			isa = PBXTargetDependency;
			target = B1C8CC7F26C74A4C00346355 /* HappyHouse */;
			targetProxy = B1C8CC9726C74A4D00346355 /* PBXContainerItemProxy */;
		};
		B1C8CCA326C74A4D00346355 /* PBXTargetDependency */ = {
			isa = PBXTargetDependency;
			target = B1C8CC7F26C74A4C00346355 /* HappyHouse */;
			targetProxy = B1C8CCA226C74A4D00346355 /* PBXContainerItemProxy */;
		};
/* End PBXTargetDependency section */

/* Begin PBXVariantGroup section */
		B1C8CC8926C74A4C00346355 /* Main.storyboard */ = {
			isa = PBXVariantGroup;
			children = (
				B1C8CC8A26C74A4C00346355 /* Base */,
			);
			name = Main.storyboard;
			sourceTree = "<group>";
		};
		B1C8CC8E26C74A4D00346355 /* LaunchScreen.storyboard */ = {
			isa = PBXVariantGroup;
			children = (
				B1C8CC8F26C74A4D00346355 /* Base */,
			);
			name = LaunchScreen.storyboard;
			sourceTree = "<group>";
		};
/* End PBXVariantGroup section */

/* Begin XCBuildConfiguration section */
		B1C8CCA826C74A4D00346355 /* Debug */ = {
			isa = XCBuildConfiguration;
			buildSettings = {
				ALWAYS_SEARCH_USER_PATHS = NO;
				CLANG_ANALYZER_NONNULL = YES;
				CLANG_ANALYZER_NUMBER_OBJECT_CONVERSION = YES_AGGRESSIVE;
				CLANG_CXX_LANGUAGE_STANDARD = "gnu++14";
				CLANG_CXX_LIBRARY = "libc++";
				CLANG_ENABLE_MODULES = YES;
				CLANG_ENABLE_OBJC_ARC = YES;
				CLANG_ENABLE_OBJC_WEAK = YES;
				CLANG_WARN_BLOCK_CAPTURE_AUTORELEASING = YES;
				CLANG_WARN_BOOL_CONVERSION = YES;
				CLANG_WARN_COMMA = YES;
				CLANG_WARN_CONSTANT_CONVERSION = YES;
				CLANG_WARN_DEPRECATED_OBJC_IMPLEMENTATIONS = YES;
				CLANG_WARN_DIRECT_OBJC_ISA_USAGE = YES_ERROR;
				CLANG_WARN_DOCUMENTATION_COMMENTS = YES;
				CLANG_WARN_EMPTY_BODY = YES;
				CLANG_WARN_ENUM_CONVERSION = YES;
				CLANG_WARN_INFINITE_RECURSION = YES;
				CLANG_WARN_INT_CONVERSION = YES;
				CLANG_WARN_NON_LITERAL_NULL_CONVERSION = YES;
				CLANG_WARN_OBJC_IMPLICIT_RETAIN_SELF = YES;
				CLANG_WARN_OBJC_LITERAL_CONVERSION = YES;
				CLANG_WARN_OBJC_ROOT_CLASS = YES_ERROR;
				CLANG_WARN_QUOTED_INCLUDE_IN_FRAMEWORK_HEADER = YES;
				CLANG_WARN_RANGE_LOOP_ANALYSIS = YES;
				CLANG_WARN_STRICT_PROTOTYPES = YES;
				CLANG_WARN_SUSPICIOUS_MOVE = YES;
				CLANG_WARN_UNGUARDED_AVAILABILITY = YES_AGGRESSIVE;
				CLANG_WARN_UNREACHABLE_CODE = YES;
				CLANG_WARN__DUPLICATE_METHOD_MATCH = YES;
				COPY_PHASE_STRIP = NO;
				DEBUG_INFORMATION_FORMAT = dwarf;
				ENABLE_STRICT_OBJC_MSGSEND = YES;
				ENABLE_TESTABILITY = YES;
				GCC_C_LANGUAGE_STANDARD = gnu11;
				GCC_DYNAMIC_NO_PIC = NO;
				GCC_NO_COMMON_BLOCKS = YES;
				GCC_OPTIMIZATION_LEVEL = 0;
				GCC_PREPROCESSOR_DEFINITIONS = (
					"DEBUG=1",
					"$(inherited)",
				);
				GCC_WARN_64_TO_32_BIT_CONVERSION = YES;
				GCC_WARN_ABOUT_RETURN_TYPE = YES_ERROR;
				GCC_WARN_UNDECLARED_SELECTOR = YES;
				GCC_WARN_UNINITIALIZED_AUTOS = YES_AGGRESSIVE;
				GCC_WARN_UNUSED_FUNCTION = YES;
				GCC_WARN_UNUSED_VARIABLE = YES;
				IPHONEOS_DEPLOYMENT_TARGET = 14.5;
				MTL_ENABLE_DEBUG_INFO = INCLUDE_SOURCE;
				MTL_FAST_MATH = YES;
				ONLY_ACTIVE_ARCH = YES;
				SDKROOT = iphoneos;
				SWIFT_ACTIVE_COMPILATION_CONDITIONS = DEBUG;
				SWIFT_OPTIMIZATION_LEVEL = "-Onone";
			};
			name = Debug;
		};
		B1C8CCA926C74A4D00346355 /* Release */ = {
			isa = XCBuildConfiguration;
			buildSettings = {
				ALWAYS_SEARCH_USER_PATHS = NO;
				CLANG_ANALYZER_NONNULL = YES;
				CLANG_ANALYZER_NUMBER_OBJECT_CONVERSION = YES_AGGRESSIVE;
				CLANG_CXX_LANGUAGE_STANDARD = "gnu++14";
				CLANG_CXX_LIBRARY = "libc++";
				CLANG_ENABLE_MODULES = YES;
				CLANG_ENABLE_OBJC_ARC = YES;
				CLANG_ENABLE_OBJC_WEAK = YES;
				CLANG_WARN_BLOCK_CAPTURE_AUTORELEASING = YES;
				CLANG_WARN_BOOL_CONVERSION = YES;
				CLANG_WARN_COMMA = YES;
				CLANG_WARN_CONSTANT_CONVERSION = YES;
				CLANG_WARN_DEPRECATED_OBJC_IMPLEMENTATIONS = YES;
				CLANG_WARN_DIRECT_OBJC_ISA_USAGE = YES_ERROR;
				CLANG_WARN_DOCUMENTATION_COMMENTS = YES;
				CLANG_WARN_EMPTY_BODY = YES;
				CLANG_WARN_ENUM_CONVERSION = YES;
				CLANG_WARN_INFINITE_RECURSION = YES;
				CLANG_WARN_INT_CONVERSION = YES;
				CLANG_WARN_NON_LITERAL_NULL_CONVERSION = YES;
				CLANG_WARN_OBJC_IMPLICIT_RETAIN_SELF = YES;
				CLANG_WARN_OBJC_LITERAL_CONVERSION = YES;
				CLANG_WARN_OBJC_ROOT_CLASS = YES_ERROR;
				CLANG_WARN_QUOTED_INCLUDE_IN_FRAMEWORK_HEADER = YES;
				CLANG_WARN_RANGE_LOOP_ANALYSIS = YES;
				CLANG_WARN_STRICT_PROTOTYPES = YES;
				CLANG_WARN_SUSPICIOUS_MOVE = YES;
				CLANG_WARN_UNGUARDED_AVAILABILITY = YES_AGGRESSIVE;
				CLANG_WARN_UNREACHABLE_CODE = YES;
				CLANG_WARN__DUPLICATE_METHOD_MATCH = YES;
				COPY_PHASE_STRIP = NO;
				DEBUG_INFORMATION_FORMAT = "dwarf-with-dsym";
				ENABLE_NS_ASSERTIONS = NO;
				ENABLE_STRICT_OBJC_MSGSEND = YES;
				GCC_C_LANGUAGE_STANDARD = gnu11;
				GCC_NO_COMMON_BLOCKS = YES;
				GCC_WARN_64_TO_32_BIT_CONVERSION = YES;
				GCC_WARN_ABOUT_RETURN_TYPE = YES_ERROR;
				GCC_WARN_UNDECLARED_SELECTOR = YES;
				GCC_WARN_UNINITIALIZED_AUTOS = YES_AGGRESSIVE;
				GCC_WARN_UNUSED_FUNCTION = YES;
				GCC_WARN_UNUSED_VARIABLE = YES;
				IPHONEOS_DEPLOYMENT_TARGET = 14.5;
				MTL_ENABLE_DEBUG_INFO = NO;
				MTL_FAST_MATH = YES;
				SDKROOT = iphoneos;
				SWIFT_COMPILATION_MODE = wholemodule;
				SWIFT_OPTIMIZATION_LEVEL = "-O";
				VALIDATE_PRODUCT = YES;
			};
			name = Release;
		};
		B1C8CCAB26C74A4D00346355 /* Debug */ = {
			isa = XCBuildConfiguration;
			baseConfigurationReference = 23D5254137279DAF12BB8CF5 /* Pods-HappyHouse.debug.xcconfig */;
			buildSettings = {
				ASSETCATALOG_COMPILER_APPICON_NAME = AppIcon;
				ASSETCATALOG_COMPILER_GLOBAL_ACCENT_COLOR_NAME = AccentColor;
				CODE_SIGN_STYLE = Automatic;
				DEVELOPMENT_TEAM = 38PD5AHVVF;
				INFOPLIST_FILE = HappyHouse/Info.plist;
				LD_RUNPATH_SEARCH_PATHS = (
					"$(inherited)",
					"@executable_path/Frameworks",
				);
				PRODUCT_BUNDLE_IDENTIFIER = com.lgw9898.HappyHouse;
				PRODUCT_NAME = "$(TARGET_NAME)";
				SWIFT_VERSION = 5.0;
				TARGETED_DEVICE_FAMILY = "1,2";
			};
			name = Debug;
		};
		B1C8CCAC26C74A4D00346355 /* Release */ = {
			isa = XCBuildConfiguration;
			baseConfigurationReference = EBCD1E3EC2035912B721B8C6 /* Pods-HappyHouse.release.xcconfig */;
			buildSettings = {
				ASSETCATALOG_COMPILER_APPICON_NAME = AppIcon;
				ASSETCATALOG_COMPILER_GLOBAL_ACCENT_COLOR_NAME = AccentColor;
				CODE_SIGN_STYLE = Automatic;
				DEVELOPMENT_TEAM = 38PD5AHVVF;
				INFOPLIST_FILE = HappyHouse/Info.plist;
				LD_RUNPATH_SEARCH_PATHS = (
					"$(inherited)",
					"@executable_path/Frameworks",
				);
				PRODUCT_BUNDLE_IDENTIFIER = com.lgw9898.HappyHouse;
				PRODUCT_NAME = "$(TARGET_NAME)";
				SWIFT_VERSION = 5.0;
				TARGETED_DEVICE_FAMILY = "1,2";
			};
			name = Release;
		};
		B1C8CCAE26C74A4D00346355 /* Debug */ = {
			isa = XCBuildConfiguration;
			baseConfigurationReference = 4C0E482DE29C89A4551FFEED /* Pods-HappyHouseTests.debug.xcconfig */;
			buildSettings = {
				ALWAYS_EMBED_SWIFT_STANDARD_LIBRARIES = YES;
				BUNDLE_LOADER = "$(TEST_HOST)";
				CODE_SIGN_STYLE = Automatic;
				DEVELOPMENT_TEAM = CS3BNMZA76;
				INFOPLIST_FILE = HappyHouseTests/Info.plist;
				IPHONEOS_DEPLOYMENT_TARGET = 14.5;
				LD_RUNPATH_SEARCH_PATHS = (
					"$(inherited)",
					"@executable_path/Frameworks",
					"@loader_path/Frameworks",
				);
				PRODUCT_BUNDLE_IDENTIFIER = com.jellysong2.tistory.HappyHouseTests;
				PRODUCT_NAME = "$(TARGET_NAME)";
				SWIFT_VERSION = 5.0;
				TARGETED_DEVICE_FAMILY = "1,2";
				TEST_HOST = "$(BUILT_PRODUCTS_DIR)/HappyHouse.app/HappyHouse";
			};
			name = Debug;
		};
		B1C8CCAF26C74A4D00346355 /* Release */ = {
			isa = XCBuildConfiguration;
			baseConfigurationReference = 926AE511005A817508D12B9E /* Pods-HappyHouseTests.release.xcconfig */;
			buildSettings = {
				ALWAYS_EMBED_SWIFT_STANDARD_LIBRARIES = YES;
				BUNDLE_LOADER = "$(TEST_HOST)";
				CODE_SIGN_STYLE = Automatic;
				DEVELOPMENT_TEAM = CS3BNMZA76;
				INFOPLIST_FILE = HappyHouseTests/Info.plist;
				IPHONEOS_DEPLOYMENT_TARGET = 14.5;
				LD_RUNPATH_SEARCH_PATHS = (
					"$(inherited)",
					"@executable_path/Frameworks",
					"@loader_path/Frameworks",
				);
				PRODUCT_BUNDLE_IDENTIFIER = com.jellysong2.tistory.HappyHouseTests;
				PRODUCT_NAME = "$(TARGET_NAME)";
				SWIFT_VERSION = 5.0;
				TARGETED_DEVICE_FAMILY = "1,2";
				TEST_HOST = "$(BUILT_PRODUCTS_DIR)/HappyHouse.app/HappyHouse";
			};
			name = Release;
		};
		B1C8CCB126C74A4D00346355 /* Debug */ = {
			isa = XCBuildConfiguration;
			baseConfigurationReference = BE1C173A7AB9EAF57D8144A0 /* Pods-HappyHouse-HappyHouseUITests.debug.xcconfig */;
			buildSettings = {
				ALWAYS_EMBED_SWIFT_STANDARD_LIBRARIES = YES;
				CODE_SIGN_STYLE = Automatic;
				DEVELOPMENT_TEAM = CS3BNMZA76;
				INFOPLIST_FILE = HappyHouseUITests/Info.plist;
				LD_RUNPATH_SEARCH_PATHS = (
					"$(inherited)",
					"@executable_path/Frameworks",
					"@loader_path/Frameworks",
				);
				PRODUCT_BUNDLE_IDENTIFIER = com.jellysong2.tistory.HappyHouseUITests;
				PRODUCT_NAME = "$(TARGET_NAME)";
				SWIFT_VERSION = 5.0;
				TARGETED_DEVICE_FAMILY = "1,2";
				TEST_TARGET_NAME = HappyHouse;
			};
			name = Debug;
		};
		B1C8CCB226C74A4D00346355 /* Release */ = {
			isa = XCBuildConfiguration;
			baseConfigurationReference = D3CD7A586B73C3B7C9A1CB99 /* Pods-HappyHouse-HappyHouseUITests.release.xcconfig */;
			buildSettings = {
				ALWAYS_EMBED_SWIFT_STANDARD_LIBRARIES = YES;
				CODE_SIGN_STYLE = Automatic;
				DEVELOPMENT_TEAM = CS3BNMZA76;
				INFOPLIST_FILE = HappyHouseUITests/Info.plist;
				LD_RUNPATH_SEARCH_PATHS = (
					"$(inherited)",
					"@executable_path/Frameworks",
					"@loader_path/Frameworks",
				);
				PRODUCT_BUNDLE_IDENTIFIER = com.jellysong2.tistory.HappyHouseUITests;
				PRODUCT_NAME = "$(TARGET_NAME)";
				SWIFT_VERSION = 5.0;
				TARGETED_DEVICE_FAMILY = "1,2";
				TEST_TARGET_NAME = HappyHouse;
			};
			name = Release;
		};
/* End XCBuildConfiguration section */

/* Begin XCConfigurationList section */
		B1C8CC7B26C74A4C00346355 /* Build configuration list for PBXProject "HappyHouse" */ = {
			isa = XCConfigurationList;
			buildConfigurations = (
				B1C8CCA826C74A4D00346355 /* Debug */,
				B1C8CCA926C74A4D00346355 /* Release */,
			);
			defaultConfigurationIsVisible = 0;
			defaultConfigurationName = Release;
		};
		B1C8CCAA26C74A4D00346355 /* Build configuration list for PBXNativeTarget "HappyHouse" */ = {
			isa = XCConfigurationList;
			buildConfigurations = (
				B1C8CCAB26C74A4D00346355 /* Debug */,
				B1C8CCAC26C74A4D00346355 /* Release */,
			);
			defaultConfigurationIsVisible = 0;
			defaultConfigurationName = Release;
		};
		B1C8CCAD26C74A4D00346355 /* Build configuration list for PBXNativeTarget "HappyHouseTests" */ = {
			isa = XCConfigurationList;
			buildConfigurations = (
				B1C8CCAE26C74A4D00346355 /* Debug */,
				B1C8CCAF26C74A4D00346355 /* Release */,
			);
			defaultConfigurationIsVisible = 0;
			defaultConfigurationName = Release;
		};
		B1C8CCB026C74A4D00346355 /* Build configuration list for PBXNativeTarget "HappyHouseUITests" */ = {
			isa = XCConfigurationList;
			buildConfigurations = (
				B1C8CCB126C74A4D00346355 /* Debug */,
				B1C8CCB226C74A4D00346355 /* Release */,
			);
			defaultConfigurationIsVisible = 0;
			defaultConfigurationName = Release;
		};
/* End XCConfigurationList section */
	};
	rootObject = B1C8CC7826C74A4C00346355 /* Project object */;
}
